
Microsoft Visual Studio Solution File, Format Version 12.00
# Visual Studio 15
VisualStudioVersion = 15.0.27130.2010
MinimumVisualStudioVersion = 10.0.40219.1
Project("{2150E333-8FDC-42A3-9474-1A3956D46DE8}") = "Engine", "Engine", "{90AF76B1-37E5-425D-A748-54F71C361DA4}"
EndProject
Project("{2150E333-8FDC-42A3-9474-1A3956D46DE8}") = "ExampleGame", "ExampleGame", "{8CFD9E7E-25B1-489C-A725-C4EEFFE0E84A}"
EndProject
Project("{8BC9CEB8-8B4A-11D0-8D11-00A0C91BC942}") = "ExampleGame", "ExampleGame_\ExampleGame\ExampleGame.vcxproj", "{3730FAF2-4695-41BF-A1C8-71E2F2D0751B}"
EndProject
Project("{2150E333-8FDC-42A3-9474-1A3956D46DE8}") = "Tools", "Tools", "{D7E7E8C7-83DA-474E-94B5-4AD7042ED9DA}"
EndProject
Project("{8BC9CEB8-8B4A-11D0-8D11-00A0C91BC942}") = "BuildExampleGameAssets", "ExampleGame_\BuildExampleGameAssets\BuildExampleGameAssets.vcxproj", "{324D6383-463F-4176-97A1-4ACA3FB6DC61}"
	ProjectSection(ProjectDependencies) = postProject
		{5D44A4F2-0F6B-4AF3-BF9B-496436C97773} = {5D44A4F2-0F6B-4AF3-BF9B-496436C97773}
	EndProjectSection
EndProject
Project("{2150E333-8FDC-42A3-9474-1A3956D46DE8}") = "External", "External", "{37C534BD-589A-4881-8DFD-0244E6CEA289}"
EndProject
Project("{2150E333-8FDC-42A3-9474-1A3956D46DE8}") = "Lua", "Lua", "{FC555A44-E95D-4C1C-BFF0-DB7378670496}"
EndProject
Project("{8BC9CEB8-8B4A-11D0-8D11-00A0C91BC942}") = "LuaCompiler", "External\Lua\LuaCompiler.vcxproj", "{0B19945A-9CA2-4ED3-84D8-0924B5428925}"
EndProject
Project("{8BC9CEB8-8B4A-11D0-8D11-00A0C91BC942}") = "LuaLib", "External\Lua\LuaLib.vcxproj", "{A506E35D-BB34-468D-82CD-112386BE29D1}"
EndProject
Project("{8BC9CEB8-8B4A-11D0-8D11-00A0C91BC942}") = "LuaExe", "External\Lua\LuaExe.vcxproj", "{B38967B9-886D-4E1F-B733-828D1783E2DC}"
EndProject
Project("{8BC9CEB8-8B4A-11D0-8D11-00A0C91BC942}") = "AssetBuilder", "Tools\AssetBuilder\AssetBuilder.vcxproj", "{5D44A4F2-0F6B-4AF3-BF9B-496436C97773}"
	ProjectSection(ProjectDependencies) = postProject
		{0B19945A-9CA2-4ED3-84D8-0924B5428925} = {0B19945A-9CA2-4ED3-84D8-0924B5428925}
		{B38967B9-886D-4E1F-B733-828D1783E2DC} = {B38967B9-886D-4E1F-B733-828D1783E2DC}
	EndProjectSection
EndProject
Project("{8BC9CEB8-8B4A-11D0-8D11-00A0C91BC942}") = "Graphics", "Engine\Graphics\Graphics.vcxproj", "{27ED38FC-6813-460A-BC43-9B39AE291FE4}"
EndProject
Project("{8BC9CEB8-8B4A-11D0-8D11-00A0C91BC942}") = "Input", "Engine\Input\Input.vcxproj", "{5409D9D3-32BC-45C8-9607-08D1C0A254B6}"
EndProject
Project("{8BC9CEB8-8B4A-11D0-8D11-00A0C91BC942}") = "Audio", "Engine\Audio\Audio.vcxproj", "{CD2FA5A0-0448-458D-87CE-2E5794E25C8F}"
EndProject
Project("{8BC9CEB8-8B4A-11D0-8D11-00A0C91BC942}") = "Timer", "Engine\Timer\Timer.vcxproj", "{C13FE652-9348-4EA4-87DB-349BD64BE476}"
EndProject
Project("{8BC9CEB8-8B4A-11D0-8D11-00A0C91BC942}") = "GameEngine", "Engine\GameEngine\GameEngine.vcxproj", "{7A2EBB1B-1144-4624-B918-B8F7AE673191}"
EndProject
Project("{8BC9CEB8-8B4A-11D0-8D11-00A0C91BC942}") = "SmartPointer", "Engine\SmartPointer\SmartPointer.vcxproj", "{BF5439D7-55AF-4133-8B79-0E936F535712}"
EndProject
Project("{8BC9CEB8-8B4A-11D0-8D11-00A0C91BC942}") = "Scene", "Engine\Scene\Scene.vcxproj", "{E9150CE2-6501-4978-AE7E-0A5ACCC90E93}"
EndProject
Project("{8BC9CEB8-8B4A-11D0-8D11-00A0C91BC942}") = "Math", "Engine\Math\Math.vcxproj", "{3A6EBED0-7B55-4D6D-B083-A0607881B5FB}"
EndProject
Project("{8BC9CEB8-8B4A-11D0-8D11-00A0C91BC942}") = "MainMenuScene", "ExampleGame_\MainMenuScene\MainMenuScene.vcxproj", "{9CF5CAE1-F7AE-4B97-B046-5CDA92B81B4D}"
EndProject
Global
	GlobalSection(SolutionConfigurationPlatforms) = preSolution
		Debug|x64 = Debug|x64
		Debug|x86 = Debug|x86
		Release|x64 = Release|x64
		Release|x86 = Release|x86
	EndGlobalSection
	GlobalSection(ProjectConfigurationPlatforms) = postSolution
		{3730FAF2-4695-41BF-A1C8-71E2F2D0751B}.Debug|x64.ActiveCfg = Debug|x64
		{3730FAF2-4695-41BF-A1C8-71E2F2D0751B}.Debug|x64.Build.0 = Debug|x64
		{3730FAF2-4695-41BF-A1C8-71E2F2D0751B}.Debug|x86.ActiveCfg = Debug|Win32
		{3730FAF2-4695-41BF-A1C8-71E2F2D0751B}.Debug|x86.Build.0 = Debug|Win32
		{3730FAF2-4695-41BF-A1C8-71E2F2D0751B}.Release|x64.ActiveCfg = Release|x64
		{3730FAF2-4695-41BF-A1C8-71E2F2D0751B}.Release|x64.Build.0 = Release|x64
		{3730FAF2-4695-41BF-A1C8-71E2F2D0751B}.Release|x86.ActiveCfg = Release|Win32
		{3730FAF2-4695-41BF-A1C8-71E2F2D0751B}.Release|x86.Build.0 = Release|Win32
		{324D6383-463F-4176-97A1-4ACA3FB6DC61}.Debug|x64.ActiveCfg = Debug|x64
		{324D6383-463F-4176-97A1-4ACA3FB6DC61}.Debug|x64.Build.0 = Debug|x64
		{324D6383-463F-4176-97A1-4ACA3FB6DC61}.Debug|x86.ActiveCfg = Debug|Win32
		{324D6383-463F-4176-97A1-4ACA3FB6DC61}.Debug|x86.Build.0 = Debug|Win32
		{324D6383-463F-4176-97A1-4ACA3FB6DC61}.Release|x64.ActiveCfg = Release|x64
		{324D6383-463F-4176-97A1-4ACA3FB6DC61}.Release|x64.Build.0 = Release|x64
		{324D6383-463F-4176-97A1-4ACA3FB6DC61}.Release|x86.ActiveCfg = Release|Win32
		{324D6383-463F-4176-97A1-4ACA3FB6DC61}.Release|x86.Build.0 = Release|Win32
		{0B19945A-9CA2-4ED3-84D8-0924B5428925}.Debug|x64.ActiveCfg = Debug|x64
		{0B19945A-9CA2-4ED3-84D8-0924B5428925}.Debug|x64.Build.0 = Debug|x64
		{0B19945A-9CA2-4ED3-84D8-0924B5428925}.Debug|x86.ActiveCfg = Debug|Win32
		{0B19945A-9CA2-4ED3-84D8-0924B5428925}.Debug|x86.Build.0 = Debug|Win32
		{0B19945A-9CA2-4ED3-84D8-0924B5428925}.Release|x64.ActiveCfg = Release|x64
		{0B19945A-9CA2-4ED3-84D8-0924B5428925}.Release|x64.Build.0 = Release|x64
		{0B19945A-9CA2-4ED3-84D8-0924B5428925}.Release|x86.ActiveCfg = Release|Win32
		{0B19945A-9CA2-4ED3-84D8-0924B5428925}.Release|x86.Build.0 = Release|Win32
		{A506E35D-BB34-468D-82CD-112386BE29D1}.Debug|x64.ActiveCfg = Debug|x64
		{A506E35D-BB34-468D-82CD-112386BE29D1}.Debug|x64.Build.0 = Debug|x64
		{A506E35D-BB34-468D-82CD-112386BE29D1}.Debug|x86.ActiveCfg = Debug|Win32
		{A506E35D-BB34-468D-82CD-112386BE29D1}.Debug|x86.Build.0 = Debug|Win32
		{A506E35D-BB34-468D-82CD-112386BE29D1}.Release|x64.ActiveCfg = Release|x64
		{A506E35D-BB34-468D-82CD-112386BE29D1}.Release|x64.Build.0 = Release|x64
		{A506E35D-BB34-468D-82CD-112386BE29D1}.Release|x86.ActiveCfg = Release|Win32
		{A506E35D-BB34-468D-82CD-112386BE29D1}.Release|x86.Build.0 = Release|Win32
		{B38967B9-886D-4E1F-B733-828D1783E2DC}.Debug|x64.ActiveCfg = Debug|x64
		{B38967B9-886D-4E1F-B733-828D1783E2DC}.Debug|x64.Build.0 = Debug|x64
		{B38967B9-886D-4E1F-B733-828D1783E2DC}.Debug|x86.ActiveCfg = Debug|Win32
		{B38967B9-886D-4E1F-B733-828D1783E2DC}.Debug|x86.Build.0 = Debug|Win32
		{B38967B9-886D-4E1F-B733-828D1783E2DC}.Release|x64.ActiveCfg = Release|x64
		{B38967B9-886D-4E1F-B733-828D1783E2DC}.Release|x64.Build.0 = Release|x64
		{B38967B9-886D-4E1F-B733-828D1783E2DC}.Release|x86.ActiveCfg = Release|Win32
		{B38967B9-886D-4E1F-B733-828D1783E2DC}.Release|x86.Build.0 = Release|Win32
		{5D44A4F2-0F6B-4AF3-BF9B-496436C97773}.Debug|x64.ActiveCfg = Debug|x64
		{5D44A4F2-0F6B-4AF3-BF9B-496436C97773}.Debug|x64.Build.0 = Debug|x64
		{5D44A4F2-0F6B-4AF3-BF9B-496436C97773}.Debug|x86.ActiveCfg = Debug|Win32
		{5D44A4F2-0F6B-4AF3-BF9B-496436C97773}.Debug|x86.Build.0 = Debug|Win32
		{5D44A4F2-0F6B-4AF3-BF9B-496436C97773}.Release|x64.ActiveCfg = Release|x64
		{5D44A4F2-0F6B-4AF3-BF9B-496436C97773}.Release|x64.Build.0 = Release|x64
		{5D44A4F2-0F6B-4AF3-BF9B-496436C97773}.Release|x86.ActiveCfg = Release|Win32
		{5D44A4F2-0F6B-4AF3-BF9B-496436C97773}.Release|x86.Build.0 = Release|Win32
		{27ED38FC-6813-460A-BC43-9B39AE291FE4}.Debug|x64.ActiveCfg = Debug|x64
		{27ED38FC-6813-460A-BC43-9B39AE291FE4}.Debug|x64.Build.0 = Debug|x64
		{27ED38FC-6813-460A-BC43-9B39AE291FE4}.Debug|x86.ActiveCfg = Debug|Win32
		{27ED38FC-6813-460A-BC43-9B39AE291FE4}.Debug|x86.Build.0 = Debug|Win32
		{27ED38FC-6813-460A-BC43-9B39AE291FE4}.Release|x64.ActiveCfg = Release|x64
		{27ED38FC-6813-460A-BC43-9B39AE291FE4}.Release|x64.Build.0 = Release|x64
		{27ED38FC-6813-460A-BC43-9B39AE291FE4}.Release|x86.ActiveCfg = Release|Win32
		{27ED38FC-6813-460A-BC43-9B39AE291FE4}.Release|x86.Build.0 = Release|Win32
		{5409D9D3-32BC-45C8-9607-08D1C0A254B6}.Debug|x64.ActiveCfg = Debug|x64
		{5409D9D3-32BC-45C8-9607-08D1C0A254B6}.Debug|x64.Build.0 = Debug|x64
		{5409D9D3-32BC-45C8-9607-08D1C0A254B6}.Debug|x86.ActiveCfg = Debug|Win32
		{5409D9D3-32BC-45C8-9607-08D1C0A254B6}.Debug|x86.Build.0 = Debug|Win32
		{5409D9D3-32BC-45C8-9607-08D1C0A254B6}.Release|x64.ActiveCfg = Release|x64
		{5409D9D3-32BC-45C8-9607-08D1C0A254B6}.Release|x64.Build.0 = Release|x64
		{5409D9D3-32BC-45C8-9607-08D1C0A254B6}.Release|x86.ActiveCfg = Release|Win32
		{5409D9D3-32BC-45C8-9607-08D1C0A254B6}.Release|x86.Build.0 = Release|Win32
		{CD2FA5A0-0448-458D-87CE-2E5794E25C8F}.Debug|x64.ActiveCfg = Debug|x64
		{CD2FA5A0-0448-458D-87CE-2E5794E25C8F}.Debug|x64.Build.0 = Debug|x64
		{CD2FA5A0-0448-458D-87CE-2E5794E25C8F}.Debug|x86.ActiveCfg = Debug|Win32
		{CD2FA5A0-0448-458D-87CE-2E5794E25C8F}.Debug|x86.Build.0 = Debug|Win32
		{CD2FA5A0-0448-458D-87CE-2E5794E25C8F}.Release|x64.ActiveCfg = Release|x64
		{CD2FA5A0-0448-458D-87CE-2E5794E25C8F}.Release|x64.Build.0 = Release|x64
		{CD2FA5A0-0448-458D-87CE-2E5794E25C8F}.Release|x86.ActiveCfg = Release|Win32
		{CD2FA5A0-0448-458D-87CE-2E5794E25C8F}.Release|x86.Build.0 = Release|Win32
		{C13FE652-9348-4EA4-87DB-349BD64BE476}.Debug|x64.ActiveCfg = Debug|x64
		{C13FE652-9348-4EA4-87DB-349BD64BE476}.Debug|x64.Build.0 = Debug|x64
		{C13FE652-9348-4EA4-87DB-349BD64BE476}.Debug|x86.ActiveCfg = Debug|Win32
		{C13FE652-9348-4EA4-87DB-349BD64BE476}.Debug|x86.Build.0 = Debug|Win32
		{C13FE652-9348-4EA4-87DB-349BD64BE476}.Release|x64.ActiveCfg = Release|x64
		{C13FE652-9348-4EA4-87DB-349BD64BE476}.Release|x64.Build.0 = Release|x64
		{C13FE652-9348-4EA4-87DB-349BD64BE476}.Release|x86.ActiveCfg = Release|Win32
		{C13FE652-9348-4EA4-87DB-349BD64BE476}.Release|x86.Build.0 = Release|Win32
		{7A2EBB1B-1144-4624-B918-B8F7AE673191}.Debug|x64.ActiveCfg = Debug|x64
		{7A2EBB1B-1144-4624-B918-B8F7AE673191}.Debug|x64.Build.0 = Debug|x64
		{7A2EBB1B-1144-4624-B918-B8F7AE673191}.Debug|x86.ActiveCfg = Debug|Win32
		{7A2EBB1B-1144-4624-B918-B8F7AE673191}.Debug|x86.Build.0 = Debug|Win32
		{7A2EBB1B-1144-4624-B918-B8F7AE673191}.Release|x64.ActiveCfg = Release|x64
		{7A2EBB1B-1144-4624-B918-B8F7AE673191}.Release|x64.Build.0 = Release|x64
		{7A2EBB1B-1144-4624-B918-B8F7AE673191}.Release|x86.ActiveCfg = Release|Win32
		{7A2EBB1B-1144-4624-B918-B8F7AE673191}.Release|x86.Build.0 = Release|Win32
		{BF5439D7-55AF-4133-8B79-0E936F535712}.Debug|x64.ActiveCfg = Debug|x64
		{BF5439D7-55AF-4133-8B79-0E936F535712}.Debug|x64.Build.0 = Debug|x64
		{BF5439D7-55AF-4133-8B79-0E936F535712}.Debug|x86.ActiveCfg = Debug|Win32
		{BF5439D7-55AF-4133-8B79-0E936F535712}.Debug|x86.Build.0 = Debug|Win32
		{BF5439D7-55AF-4133-8B79-0E936F535712}.Release|x64.ActiveCfg = Release|x64
		{BF5439D7-55AF-4133-8B79-0E936F535712}.Release|x64.Build.0 = Release|x64
		{BF5439D7-55AF-4133-8B79-0E936F535712}.Release|x86.ActiveCfg = Release|Win32
		{BF5439D7-55AF-4133-8B79-0E936F535712}.Release|x86.Build.0 = Release|Win32
		{E9150CE2-6501-4978-AE7E-0A5ACCC90E93}.Debug|x64.ActiveCfg = Debug|x64
		{E9150CE2-6501-4978-AE7E-0A5ACCC90E93}.Debug|x64.Build.0 = Debug|x64
		{E9150CE2-6501-4978-AE7E-0A5ACCC90E93}.Debug|x86.ActiveCfg = Debug|Win32
		{E9150CE2-6501-4978-AE7E-0A5ACCC90E93}.Debug|x86.Build.0 = Debug|Win32
		{E9150CE2-6501-4978-AE7E-0A5ACCC90E93}.Release|x64.ActiveCfg = Release|x64
		{E9150CE2-6501-4978-AE7E-0A5ACCC90E93}.Release|x64.Build.0 = Release|x64
		{E9150CE2-6501-4978-AE7E-0A5ACCC90E93}.Release|x86.ActiveCfg = Release|Win32
		{E9150CE2-6501-4978-AE7E-0A5ACCC90E93}.Release|x86.Build.0 = Release|Win32
		{3A6EBED0-7B55-4D6D-B083-A0607881B5FB}.Debug|x64.ActiveCfg = Debug|x64
		{3A6EBED0-7B55-4D6D-B083-A0607881B5FB}.Debug|x64.Build.0 = Debug|x64
		{3A6EBED0-7B55-4D6D-B083-A0607881B5FB}.Debug|x86.ActiveCfg = Debug|Win32
		{3A6EBED0-7B55-4D6D-B083-A0607881B5FB}.Debug|x86.Build.0 = Debug|Win32
		{3A6EBED0-7B55-4D6D-B083-A0607881B5FB}.Release|x64.ActiveCfg = Release|x64
		{3A6EBED0-7B55-4D6D-B083-A0607881B5FB}.Release|x64.Build.0 = Release|x64
		{3A6EBED0-7B55-4D6D-B083-A0607881B5FB}.Release|x86.ActiveCfg = Release|Win32
		{3A6EBED0-7B55-4D6D-B083-A0607881B5FB}.Release|x86.Build.0 = Release|Win32
		{9CF5CAE1-F7AE-4B97-B046-5CDA92B81B4D}.Debug|x64.ActiveCfg = Debug|x64
		{9CF5CAE1-F7AE-4B97-B046-5CDA92B81B4D}.Debug|x64.Build.0 = Debug|x64
		{9CF5CAE1-F7AE-4B97-B046-5CDA92B81B4D}.Debug|x86.ActiveCfg = Debug|Win32
		{9CF5CAE1-F7AE-4B97-B046-5CDA92B81B4D}.Debug|x86.Build.0 = Debug|Win32
		{9CF5CAE1-F7AE-4B97-B046-5CDA92B81B4D}.Release|x64.ActiveCfg = Release|x64
		{9CF5CAE1-F7AE-4B97-B046-5CDA92B81B4D}.Release|x64.Build.0 = Release|x64
		{9CF5CAE1-F7AE-4B97-B046-5CDA92B81B4D}.Release|x86.ActiveCfg = Release|Win32
		{9CF5CAE1-F7AE-4B97-B046-5CDA92B81B4D}.Release|x86.Build.0 = Release|Win32
	EndGlobalSection
	GlobalSection(SolutionProperties) = preSolution
		HideSolutionNode = FALSE
	EndGlobalSection
	GlobalSection(NestedProjects) = preSolution
		{3730FAF2-4695-41BF-A1C8-71E2F2D0751B} = {8CFD9E7E-25B1-489C-A725-C4EEFFE0E84A}
		{324D6383-463F-4176-97A1-4ACA3FB6DC61} = {8CFD9E7E-25B1-489C-A725-C4EEFFE0E84A}
		{FC555A44-E95D-4C1C-BFF0-DB7378670496} = {37C534BD-589A-4881-8DFD-0244E6CEA289}
		{0B19945A-9CA2-4ED3-84D8-0924B5428925} = {FC555A44-E95D-4C1C-BFF0-DB7378670496}
		{A506E35D-BB34-468D-82CD-112386BE29D1} = {FC555A44-E95D-4C1C-BFF0-DB7378670496}
		{B38967B9-886D-4E1F-B733-828D1783E2DC} = {FC555A44-E95D-4C1C-BFF0-DB7378670496}
		{5D44A4F2-0F6B-4AF3-BF9B-496436C97773} = {D7E7E8C7-83DA-474E-94B5-4AD7042ED9DA}
		{27ED38FC-6813-460A-BC43-9B39AE291FE4} = {90AF76B1-37E5-425D-A748-54F71C361DA4}
		{5409D9D3-32BC-45C8-9607-08D1C0A254B6} = {90AF76B1-37E5-425D-A748-54F71C361DA4}
		{CD2FA5A0-0448-458D-87CE-2E5794E25C8F} = {90AF76B1-37E5-425D-A748-54F71C361DA4}
		{C13FE652-9348-4EA4-87DB-349BD64BE476} = {90AF76B1-37E5-425D-A748-54F71C361DA4}
		{7A2EBB1B-1144-4624-B918-B8F7AE673191} = {90AF76B1-37E5-425D-A748-54F71C361DA4}
		{BF5439D7-55AF-4133-8B79-0E936F535712} = {90AF76B1-37E5-425D-A748-54F71C361DA4}
		{E9150CE2-6501-4978-AE7E-0A5ACCC90E93} = {90AF76B1-37E5-425D-A748-54F71C361DA4}
		{3A6EBED0-7B55-4D6D-B083-A0607881B5FB} = {90AF76B1-37E5-425D-A748-54F71C361DA4}
		{9CF5CAE1-F7AE-4B97-B046-5CDA92B81B4D} = {8CFD9E7E-25B1-489C-A725-C4EEFFE0E84A}
	EndGlobalSection
	GlobalSection(ExtensibilityGlobals) = postSolution
		SolutionGuid = {DF7EB555-DE90-443E-9226-38579C9AA7CC}
	EndGlobalSection
EndGlobal
