
Microsoft Visual Studio Solution File, Format Version 12.00
# Visual Studio 15
VisualStudioVersion = 15.0.27130.2010
MinimumVisualStudioVersion = 10.0.40219.1
Project("{2150E333-8FDC-42A3-9474-1A3956D46DE8}") = "Engine", "Engine", "{90AF76B1-37E5-425D-A748-54F71C361DA4}"
EndProject
Project("{2150E333-8FDC-42A3-9474-1A3956D46DE8}") = "EntryProject", "EntryProject", "{8CFD9E7E-25B1-489C-A725-C4EEFFE0E84A}"
EndProject
Project("{8BC9CEB8-8B4A-11D0-8D11-00A0C91BC942}") = "ExampleGame", "ExampleGame_\ExampleGame\ExampleGame.vcxproj", "{3730FAF2-4695-41BF-A1C8-71E2F2D0751B}"
EndProject
Project("{2150E333-8FDC-42A3-9474-1A3956D46DE8}") = "Tools", "Tools", "{D7E7E8C7-83DA-474E-94B5-4AD7042ED9DA}"
EndProject
Project("{8BC9CEB8-8B4A-11D0-8D11-00A0C91BC942}") = "BuildExampleGameAssets", "ExampleGame_\BuildExampleGameAssets\BuildExampleGameAssets.vcxproj", "{324D6383-463F-4176-97A1-4ACA3FB6DC61}"
	ProjectSection(ProjectDependencies) = postProject
		{5D44A4F2-0F6B-4AF3-BF9B-496436C97773} = {5D44A4F2-0F6B-4AF3-BF9B-496436C97773}
	EndProjectSection
EndProject
Project("{2150E333-8FDC-42A3-9474-1A3956D46DE8}") = "External", "External", "{37C534BD-589A-4881-8DFD-0244E6CEA289}"
EndProject
Project("{2150E333-8FDC-42A3-9474-1A3956D46DE8}") = "Lua", "Lua", "{FC555A44-E95D-4C1C-BFF0-DB7378670496}"
EndProject
Project("{8BC9CEB8-8B4A-11D0-8D11-00A0C91BC942}") = "LuaCompiler", "External\Lua\LuaCompiler.vcxproj", "{0B19945A-9CA2-4ED3-84D8-0924B5428925}"
EndProject
Project("{8BC9CEB8-8B4A-11D0-8D11-00A0C91BC942}") = "LuaLib", "External\Lua\LuaLib.vcxproj", "{A506E35D-BB34-468D-82CD-112386BE29D1}"
EndProject
Project("{8BC9CEB8-8B4A-11D0-8D11-00A0C91BC942}") = "LuaExe", "External\Lua\LuaExe.vcxproj", "{B38967B9-886D-4E1F-B733-828D1783E2DC}"
EndProject
Project("{8BC9CEB8-8B4A-11D0-8D11-00A0C91BC942}") = "AssetBuilder", "Tools\AssetBuilder\AssetBuilder.vcxproj", "{5D44A4F2-0F6B-4AF3-BF9B-496436C97773}"
	ProjectSection(ProjectDependencies) = postProject
		{0B19945A-9CA2-4ED3-84D8-0924B5428925} = {0B19945A-9CA2-4ED3-84D8-0924B5428925}
		{B38967B9-886D-4E1F-B733-828D1783E2DC} = {B38967B9-886D-4E1F-B733-828D1783E2DC}
	EndProjectSection
EndProject
Project("{8BC9CEB8-8B4A-11D0-8D11-00A0C91BC942}") = "Graphics", "Engine\Graphics\Graphics.vcxproj", "{27ED38FC-6813-460A-BC43-9B39AE291FE4}"
EndProject
Project("{8BC9CEB8-8B4A-11D0-8D11-00A0C91BC942}") = "Input", "Engine\Input\Input.vcxproj", "{5409D9D3-32BC-45C8-9607-08D1C0A254B6}"
EndProject
Project("{8BC9CEB8-8B4A-11D0-8D11-00A0C91BC942}") = "Audio", "Engine\Audio\Audio.vcxproj", "{CD2FA5A0-0448-458D-87CE-2E5794E25C8F}"
EndProject
Project("{8BC9CEB8-8B4A-11D0-8D11-00A0C91BC942}") = "Timer", "Engine\Timer\Timer.vcxproj", "{C13FE652-9348-4EA4-87DB-349BD64BE476}"
EndProject
Project("{8BC9CEB8-8B4A-11D0-8D11-00A0C91BC942}") = "GameEngine", "Engine\GameEngine\GameEngine.vcxproj", "{7A2EBB1B-1144-4624-B918-B8F7AE673191}"
EndProject
Project("{8BC9CEB8-8B4A-11D0-8D11-00A0C91BC942}") = "SmartPointer", "Engine\SmartPointer\SmartPointer.vcxproj", "{BF5439D7-55AF-4133-8B79-0E936F535712}"
EndProject
Project("{8BC9CEB8-8B4A-11D0-8D11-00A0C91BC942}") = "Scene", "Engine\Scene\Scene.vcxproj", "{E9150CE2-6501-4978-AE7E-0A5ACCC90E93}"
EndProject
Project("{8BC9CEB8-8B4A-11D0-8D11-00A0C91BC942}") = "Math", "Engine\Math\Math.vcxproj", "{3A6EBED0-7B55-4D6D-B083-A0607881B5FB}"
EndProject
Project("{8BC9CEB8-8B4A-11D0-8D11-00A0C91BC942}") = "Music", "Engine\Music\Music.vcxproj", "{15C7C6A0-F967-4077-A38C-85267DBC75C3}"
EndProject
Project("{8BC9CEB8-8B4A-11D0-8D11-00A0C91BC942}") = "Sound", "Engine\Sound\Sound.vcxproj", "{C75C1A6F-AA9B-4C49-AEE6-44B8E940B10C}"
EndProject
Project("{8BC9CEB8-8B4A-11D0-8D11-00A0C91BC942}") = "GameObject", "Engine\GameObject\GameObject.vcxproj", "{B3E4FA76-D217-4318-99EA-B32D4EC751BA}"
EndProject
Project("{8BC9CEB8-8B4A-11D0-8D11-00A0C91BC942}") = "TowerDefenseGame", "ExampleGame_\TowerDefenseGame\TowerDefenseGame.vcxproj", "{7D5B6BA3-4591-4D48-9C16-6FFF9B7D75BA}"
EndProject
Project("{2150E333-8FDC-42A3-9474-1A3956D46DE8}") = "TowerDefenseGame", "TowerDefenseGame", "{BE6F473B-DF99-4013-A6DE-DFDD4921E043}"
EndProject
Project("{2150E333-8FDC-42A3-9474-1A3956D46DE8}") = "Character", "Character", "{AF0F0701-AF25-435B-B941-5E07C4C73F28}"
EndProject
Project("{2150E333-8FDC-42A3-9474-1A3956D46DE8}") = "BaseClass", "BaseClass", "{7848145F-861A-4279-9146-A95D3124CB99}"
EndProject
Project("{8BC9CEB8-8B4A-11D0-8D11-00A0C91BC942}") = "IGameSystem", "ExampleGame_\TowerDefenseGame\BaseClass\IGameSystem\IGameSystem.vcxproj", "{E00971A3-4DBE-442C-9201-7B21AA582E16}"
EndProject
Project("{8BC9CEB8-8B4A-11D0-8D11-00A0C91BC942}") = "CharacterSystem", "ExampleGame_\TowerDefenseGame\Character\CharacterSystem\CharacterSystem.vcxproj", "{B1CE78C6-7029-4A06-AF03-0B288D64897C}"
EndProject
Project("{8BC9CEB8-8B4A-11D0-8D11-00A0C91BC942}") = "ICharacter", "ExampleGame_\TowerDefenseGame\Character\ICharacter\ICharacter.vcxproj", "{14F88147-2765-4C3E-8F73-97005B63329E}"
EndProject
Project("{2150E333-8FDC-42A3-9474-1A3956D46DE8}") = "Soldier", "Soldier", "{50B1DAC3-7CAA-47D8-865F-0A887FEEE73D}"
EndProject
Project("{2150E333-8FDC-42A3-9474-1A3956D46DE8}") = "Enemy", "Enemy", "{D7422E95-17A1-487F-A23E-2882DEDEE163}"
EndProject
Project("{8BC9CEB8-8B4A-11D0-8D11-00A0C91BC942}") = "Enemy", "ExampleGame_\TowerDefenseGame\Character\ICharacter\Enemy\Enemy.vcxproj", "{61BB9E7E-EDC7-425A-8586-6EFDEF51BA97}"
EndProject
Project("{8BC9CEB8-8B4A-11D0-8D11-00A0C91BC942}") = "Soldier", "ExampleGame_\TowerDefenseGame\Character\ICharacter\Soldier\Soldier.vcxproj", "{9D89DA2C-6010-44FF-A420-D4DCC2730086}"
EndProject
Project("{8BC9CEB8-8B4A-11D0-8D11-00A0C91BC942}") = "CharacterAttr", "ExampleGame_\TowerDefenseGame\Character\CharacterAttr\CharacterAttr.vcxproj", "{4511D094-73F4-42E5-A404-DD6715AAD6CA}"
EndProject
Project("{2150E333-8FDC-42A3-9474-1A3956D46DE8}") = "GameEvent", "GameEvent", "{1119C124-E0A1-497C-A308-B1D516EAABC8}"
EndProject
Project("{8BC9CEB8-8B4A-11D0-8D11-00A0C91BC942}") = "GameEventSystem", "ExampleGame_\TowerDefenseGame\GameEventSystem\GameEventSystem.vcxproj", "{430E1ED2-F760-4FF3-880A-E0D7C12334A9}"
EndProject
Project("{2150E333-8FDC-42A3-9474-1A3956D46DE8}") = "GameEventSubject", "GameEventSubject", "{F98CF157-6530-426E-BDBC-F09CCF5F4E27}"
EndProject
Project("{2150E333-8FDC-42A3-9474-1A3956D46DE8}") = "GameEventObserver", "GameEventObserver", "{24F5DD2E-D4F3-46F5-BE7C-EAE356D9D4D9}"
EndProject
Project("{8BC9CEB8-8B4A-11D0-8D11-00A0C91BC942}") = "GameEventObserver", "ExampleGame_\TowerDefenseGame\GameEventSystem\GameEventObserver\GameEventObserver.vcxproj", "{A5EC0E7F-E74A-47D3-966F-D9AD42ED4C0B}"
EndProject
Project("{8BC9CEB8-8B4A-11D0-8D11-00A0C91BC942}") = "GameEventSubject", "ExampleGame_\TowerDefenseGame\GameEventSystem\GameEventSubject\GameEventSubject.vcxproj", "{F1715C4E-6E64-44CC-A730-19B08F14EAD8}"
EndProject
Project("{8BC9CEB8-8B4A-11D0-8D11-00A0C91BC942}") = "ICharacterAI", "ExampleGame_\TowerDefenseGame\Character\ICharacterAI\ICharacterAI.vcxproj", "{07E94C5D-9AFF-4B5F-852A-E9FA74EC64BE}"
EndProject
Project("{2150E333-8FDC-42A3-9474-1A3956D46DE8}") = "AIState", "AIState", "{A5680A2F-D763-495D-9E8C-B92C0D446447}"
EndProject
Project("{8BC9CEB8-8B4A-11D0-8D11-00A0C91BC942}") = "IAIState", "ExampleGame_\TowerDefenseGame\Character\ICharacterAI\IAIState\IAIState.vcxproj", "{CEAE5E3D-7AC1-48A3-B2E9-EFAD8775C2ED}"
EndProject
Project("{8BC9CEB8-8B4A-11D0-8D11-00A0C91BC942}") = "IUserInterface", "ExampleGame_\TowerDefenseGame\BaseClass\IUserInterface\IUserInterface.vcxproj", "{BF8CA359-E9F9-4E67-BED2-4746545047A3}"
EndProject
Project("{2150E333-8FDC-42A3-9474-1A3956D46DE8}") = "UI", "UI", "{77209E5F-3096-40E9-B427-96C3BE85C62B}"
EndProject
Project("{8BC9CEB8-8B4A-11D0-8D11-00A0C91BC942}") = "GameStateInfoUI", "ExampleGame_\TowerDefenseGame\UI\GameStateInfoUI\GameStateInfoUI.vcxproj", "{DF823125-77C0-4CDB-98DF-CFF1EDA448C4}"
EndProject
Project("{8BC9CEB8-8B4A-11D0-8D11-00A0C91BC942}") = "Color", "Engine\Color\Color.vcxproj", "{ED5B9AA3-1A66-4E22-9EDE-BAA3F64B468B}"
EndProject
Project("{8BC9CEB8-8B4A-11D0-8D11-00A0C91BC942}") = "MainMenuScene", "ExampleGame_\TowerDefenseGame\Scene\MainMenuScene\MainMenuScene.vcxproj", "{4B2A8F4E-BCE6-4939-8FAE-205CCB6C06EB}"
EndProject
Project("{8BC9CEB8-8B4A-11D0-8D11-00A0C91BC942}") = "GamingScene", "ExampleGame_\TowerDefenseGame\Scene\GamingScene\GamingScene.vcxproj", "{3D41AE96-3ADC-40BE-A998-E366806F29DD}"
EndProject
Project("{2150E333-8FDC-42A3-9474-1A3956D46DE8}") = "Scene", "Scene", "{EE765260-81EF-44CE-B12E-D19EB69B0BEF}"
EndProject
Project("{2150E333-8FDC-42A3-9474-1A3956D46DE8}") = "Camp", "Camp", "{8B599C02-AD3B-493C-B622-079864D1BE02}"
EndProject
Project("{8BC9CEB8-8B4A-11D0-8D11-00A0C91BC942}") = "ICamp", "ExampleGame_\TowerDefenseGame\Camp\ICamp\ICamp.vcxproj", "{F484E1E2-38C7-4459-9ED2-C76F2E05864D}"
EndProject
Project("{8BC9CEB8-8B4A-11D0-8D11-00A0C91BC942}") = "CampSystem", "ExampleGame_\TowerDefenseGame\Camp\CampSystem\CampSystem.vcxproj", "{B6EAA562-F355-47C7-A59E-17E96CE88DC0}"
EndProject
Project("{8BC9CEB8-8B4A-11D0-8D11-00A0C91BC942}") = "SoldierCamp", "ExampleGame_\TowerDefenseGame\Camp\SoldierCamp\SoldierCamp.vcxproj", "{23F64961-D1E0-486D-B1E1-CC67CA15FB4B}"
EndProject
Project("{8BC9CEB8-8B4A-11D0-8D11-00A0C91BC942}") = "EnemyCamp", "ExampleGame_\TowerDefenseGame\Camp\EnemyCamp\EnemyCamp.vcxproj", "{C0B4DECA-11FA-43D3-9F31-6D000F260D27}"
EndProject
Project("{2150E333-8FDC-42A3-9474-1A3956D46DE8}") = "Stage", "Stage", "{1E438690-986C-472F-9D54-C648B6A1DF5C}"
EndProject
Project("{8BC9CEB8-8B4A-11D0-8D11-00A0C91BC942}") = "StageSystem", "ExampleGame_\TowerDefenseGame\Stage\StageSystem\StageSystem.vcxproj", "{9FA207C2-0365-4834-A0A7-C248BBCBDB9B}"
EndProject
Project("{8BC9CEB8-8B4A-11D0-8D11-00A0C91BC942}") = "EndingScene", "ExampleGame_\TowerDefenseGame\Scene\EndingScene\EndingScene.vcxproj", "{3B571B02-7B4A-470C-A6F3-84271634A086}"
EndProject
Project("{8BC9CEB8-8B4A-11D0-8D11-00A0C91BC942}") = "Tool", "Engine\Tool\Tool.vcxproj", "{A21E3C47-6601-4CCB-B1C0-33AEA87F9F68}"
EndProject
Project("{8BC9CEB8-8B4A-11D0-8D11-00A0C91BC942}") = "TutorialScene", "ExampleGame_\TowerDefenseGame\Scene\TutorialScene\TutorialScene.vcxproj", "{BE77385A-ED85-4583-B052-6ABE21067D30}"
EndProject
Global
	GlobalSection(SolutionConfigurationPlatforms) = preSolution
		Debug|x64 = Debug|x64
		Debug|x86 = Debug|x86
		Release|x64 = Release|x64
		Release|x86 = Release|x86
	EndGlobalSection
	GlobalSection(ProjectConfigurationPlatforms) = postSolution
		{3730FAF2-4695-41BF-A1C8-71E2F2D0751B}.Debug|x64.ActiveCfg = Debug|x64
		{3730FAF2-4695-41BF-A1C8-71E2F2D0751B}.Debug|x64.Build.0 = Debug|x64
		{3730FAF2-4695-41BF-A1C8-71E2F2D0751B}.Debug|x86.ActiveCfg = Debug|Win32
		{3730FAF2-4695-41BF-A1C8-71E2F2D0751B}.Debug|x86.Build.0 = Debug|Win32
		{3730FAF2-4695-41BF-A1C8-71E2F2D0751B}.Release|x64.ActiveCfg = Release|x64
		{3730FAF2-4695-41BF-A1C8-71E2F2D0751B}.Release|x64.Build.0 = Release|x64
		{3730FAF2-4695-41BF-A1C8-71E2F2D0751B}.Release|x86.ActiveCfg = Release|Win32
		{3730FAF2-4695-41BF-A1C8-71E2F2D0751B}.Release|x86.Build.0 = Release|Win32
		{324D6383-463F-4176-97A1-4ACA3FB6DC61}.Debug|x64.ActiveCfg = Debug|x64
		{324D6383-463F-4176-97A1-4ACA3FB6DC61}.Debug|x64.Build.0 = Debug|x64
		{324D6383-463F-4176-97A1-4ACA3FB6DC61}.Debug|x86.ActiveCfg = Debug|Win32
		{324D6383-463F-4176-97A1-4ACA3FB6DC61}.Debug|x86.Build.0 = Debug|Win32
		{324D6383-463F-4176-97A1-4ACA3FB6DC61}.Release|x64.ActiveCfg = Release|x64
		{324D6383-463F-4176-97A1-4ACA3FB6DC61}.Release|x64.Build.0 = Release|x64
		{324D6383-463F-4176-97A1-4ACA3FB6DC61}.Release|x86.ActiveCfg = Release|Win32
		{324D6383-463F-4176-97A1-4ACA3FB6DC61}.Release|x86.Build.0 = Release|Win32
		{0B19945A-9CA2-4ED3-84D8-0924B5428925}.Debug|x64.ActiveCfg = Debug|x64
		{0B19945A-9CA2-4ED3-84D8-0924B5428925}.Debug|x64.Build.0 = Debug|x64
		{0B19945A-9CA2-4ED3-84D8-0924B5428925}.Debug|x86.ActiveCfg = Debug|Win32
		{0B19945A-9CA2-4ED3-84D8-0924B5428925}.Debug|x86.Build.0 = Debug|Win32
		{0B19945A-9CA2-4ED3-84D8-0924B5428925}.Release|x64.ActiveCfg = Release|x64
		{0B19945A-9CA2-4ED3-84D8-0924B5428925}.Release|x64.Build.0 = Release|x64
		{0B19945A-9CA2-4ED3-84D8-0924B5428925}.Release|x86.ActiveCfg = Release|Win32
		{0B19945A-9CA2-4ED3-84D8-0924B5428925}.Release|x86.Build.0 = Release|Win32
		{A506E35D-BB34-468D-82CD-112386BE29D1}.Debug|x64.ActiveCfg = Debug|x64
		{A506E35D-BB34-468D-82CD-112386BE29D1}.Debug|x64.Build.0 = Debug|x64
		{A506E35D-BB34-468D-82CD-112386BE29D1}.Debug|x86.ActiveCfg = Debug|Win32
		{A506E35D-BB34-468D-82CD-112386BE29D1}.Debug|x86.Build.0 = Debug|Win32
		{A506E35D-BB34-468D-82CD-112386BE29D1}.Release|x64.ActiveCfg = Release|x64
		{A506E35D-BB34-468D-82CD-112386BE29D1}.Release|x64.Build.0 = Release|x64
		{A506E35D-BB34-468D-82CD-112386BE29D1}.Release|x86.ActiveCfg = Release|Win32
		{A506E35D-BB34-468D-82CD-112386BE29D1}.Release|x86.Build.0 = Release|Win32
		{B38967B9-886D-4E1F-B733-828D1783E2DC}.Debug|x64.ActiveCfg = Debug|x64
		{B38967B9-886D-4E1F-B733-828D1783E2DC}.Debug|x64.Build.0 = Debug|x64
		{B38967B9-886D-4E1F-B733-828D1783E2DC}.Debug|x86.ActiveCfg = Debug|Win32
		{B38967B9-886D-4E1F-B733-828D1783E2DC}.Debug|x86.Build.0 = Debug|Win32
		{B38967B9-886D-4E1F-B733-828D1783E2DC}.Release|x64.ActiveCfg = Release|x64
		{B38967B9-886D-4E1F-B733-828D1783E2DC}.Release|x64.Build.0 = Release|x64
		{B38967B9-886D-4E1F-B733-828D1783E2DC}.Release|x86.ActiveCfg = Release|Win32
		{B38967B9-886D-4E1F-B733-828D1783E2DC}.Release|x86.Build.0 = Release|Win32
		{5D44A4F2-0F6B-4AF3-BF9B-496436C97773}.Debug|x64.ActiveCfg = Debug|x64
		{5D44A4F2-0F6B-4AF3-BF9B-496436C97773}.Debug|x64.Build.0 = Debug|x64
		{5D44A4F2-0F6B-4AF3-BF9B-496436C97773}.Debug|x86.ActiveCfg = Debug|Win32
		{5D44A4F2-0F6B-4AF3-BF9B-496436C97773}.Debug|x86.Build.0 = Debug|Win32
		{5D44A4F2-0F6B-4AF3-BF9B-496436C97773}.Release|x64.ActiveCfg = Release|x64
		{5D44A4F2-0F6B-4AF3-BF9B-496436C97773}.Release|x64.Build.0 = Release|x64
		{5D44A4F2-0F6B-4AF3-BF9B-496436C97773}.Release|x86.ActiveCfg = Release|Win32
		{5D44A4F2-0F6B-4AF3-BF9B-496436C97773}.Release|x86.Build.0 = Release|Win32
		{27ED38FC-6813-460A-BC43-9B39AE291FE4}.Debug|x64.ActiveCfg = Debug|x64
		{27ED38FC-6813-460A-BC43-9B39AE291FE4}.Debug|x64.Build.0 = Debug|x64
		{27ED38FC-6813-460A-BC43-9B39AE291FE4}.Debug|x86.ActiveCfg = Debug|Win32
		{27ED38FC-6813-460A-BC43-9B39AE291FE4}.Debug|x86.Build.0 = Debug|Win32
		{27ED38FC-6813-460A-BC43-9B39AE291FE4}.Release|x64.ActiveCfg = Release|x64
		{27ED38FC-6813-460A-BC43-9B39AE291FE4}.Release|x64.Build.0 = Release|x64
		{27ED38FC-6813-460A-BC43-9B39AE291FE4}.Release|x86.ActiveCfg = Release|Win32
		{27ED38FC-6813-460A-BC43-9B39AE291FE4}.Release|x86.Build.0 = Release|Win32
		{5409D9D3-32BC-45C8-9607-08D1C0A254B6}.Debug|x64.ActiveCfg = Debug|x64
		{5409D9D3-32BC-45C8-9607-08D1C0A254B6}.Debug|x64.Build.0 = Debug|x64
		{5409D9D3-32BC-45C8-9607-08D1C0A254B6}.Debug|x86.ActiveCfg = Debug|Win32
		{5409D9D3-32BC-45C8-9607-08D1C0A254B6}.Debug|x86.Build.0 = Debug|Win32
		{5409D9D3-32BC-45C8-9607-08D1C0A254B6}.Release|x64.ActiveCfg = Release|x64
		{5409D9D3-32BC-45C8-9607-08D1C0A254B6}.Release|x64.Build.0 = Release|x64
		{5409D9D3-32BC-45C8-9607-08D1C0A254B6}.Release|x86.ActiveCfg = Release|Win32
		{5409D9D3-32BC-45C8-9607-08D1C0A254B6}.Release|x86.Build.0 = Release|Win32
		{CD2FA5A0-0448-458D-87CE-2E5794E25C8F}.Debug|x64.ActiveCfg = Debug|x64
		{CD2FA5A0-0448-458D-87CE-2E5794E25C8F}.Debug|x64.Build.0 = Debug|x64
		{CD2FA5A0-0448-458D-87CE-2E5794E25C8F}.Debug|x86.ActiveCfg = Debug|Win32
		{CD2FA5A0-0448-458D-87CE-2E5794E25C8F}.Debug|x86.Build.0 = Debug|Win32
		{CD2FA5A0-0448-458D-87CE-2E5794E25C8F}.Release|x64.ActiveCfg = Release|x64
		{CD2FA5A0-0448-458D-87CE-2E5794E25C8F}.Release|x64.Build.0 = Release|x64
		{CD2FA5A0-0448-458D-87CE-2E5794E25C8F}.Release|x86.ActiveCfg = Release|Win32
		{CD2FA5A0-0448-458D-87CE-2E5794E25C8F}.Release|x86.Build.0 = Release|Win32
		{C13FE652-9348-4EA4-87DB-349BD64BE476}.Debug|x64.ActiveCfg = Debug|x64
		{C13FE652-9348-4EA4-87DB-349BD64BE476}.Debug|x64.Build.0 = Debug|x64
		{C13FE652-9348-4EA4-87DB-349BD64BE476}.Debug|x86.ActiveCfg = Debug|Win32
		{C13FE652-9348-4EA4-87DB-349BD64BE476}.Debug|x86.Build.0 = Debug|Win32
		{C13FE652-9348-4EA4-87DB-349BD64BE476}.Release|x64.ActiveCfg = Release|x64
		{C13FE652-9348-4EA4-87DB-349BD64BE476}.Release|x64.Build.0 = Release|x64
		{C13FE652-9348-4EA4-87DB-349BD64BE476}.Release|x86.ActiveCfg = Release|Win32
		{C13FE652-9348-4EA4-87DB-349BD64BE476}.Release|x86.Build.0 = Release|Win32
		{7A2EBB1B-1144-4624-B918-B8F7AE673191}.Debug|x64.ActiveCfg = Debug|x64
		{7A2EBB1B-1144-4624-B918-B8F7AE673191}.Debug|x64.Build.0 = Debug|x64
		{7A2EBB1B-1144-4624-B918-B8F7AE673191}.Debug|x86.ActiveCfg = Debug|Win32
		{7A2EBB1B-1144-4624-B918-B8F7AE673191}.Debug|x86.Build.0 = Debug|Win32
		{7A2EBB1B-1144-4624-B918-B8F7AE673191}.Release|x64.ActiveCfg = Release|x64
		{7A2EBB1B-1144-4624-B918-B8F7AE673191}.Release|x64.Build.0 = Release|x64
		{7A2EBB1B-1144-4624-B918-B8F7AE673191}.Release|x86.ActiveCfg = Release|Win32
		{7A2EBB1B-1144-4624-B918-B8F7AE673191}.Release|x86.Build.0 = Release|Win32
		{BF5439D7-55AF-4133-8B79-0E936F535712}.Debug|x64.ActiveCfg = Debug|x64
		{BF5439D7-55AF-4133-8B79-0E936F535712}.Debug|x64.Build.0 = Debug|x64
		{BF5439D7-55AF-4133-8B79-0E936F535712}.Debug|x86.ActiveCfg = Debug|Win32
		{BF5439D7-55AF-4133-8B79-0E936F535712}.Debug|x86.Build.0 = Debug|Win32
		{BF5439D7-55AF-4133-8B79-0E936F535712}.Release|x64.ActiveCfg = Release|x64
		{BF5439D7-55AF-4133-8B79-0E936F535712}.Release|x64.Build.0 = Release|x64
		{BF5439D7-55AF-4133-8B79-0E936F535712}.Release|x86.ActiveCfg = Release|Win32
		{BF5439D7-55AF-4133-8B79-0E936F535712}.Release|x86.Build.0 = Release|Win32
		{E9150CE2-6501-4978-AE7E-0A5ACCC90E93}.Debug|x64.ActiveCfg = Debug|x64
		{E9150CE2-6501-4978-AE7E-0A5ACCC90E93}.Debug|x64.Build.0 = Debug|x64
		{E9150CE2-6501-4978-AE7E-0A5ACCC90E93}.Debug|x86.ActiveCfg = Debug|Win32
		{E9150CE2-6501-4978-AE7E-0A5ACCC90E93}.Debug|x86.Build.0 = Debug|Win32
		{E9150CE2-6501-4978-AE7E-0A5ACCC90E93}.Release|x64.ActiveCfg = Release|x64
		{E9150CE2-6501-4978-AE7E-0A5ACCC90E93}.Release|x64.Build.0 = Release|x64
		{E9150CE2-6501-4978-AE7E-0A5ACCC90E93}.Release|x86.ActiveCfg = Release|Win32
		{E9150CE2-6501-4978-AE7E-0A5ACCC90E93}.Release|x86.Build.0 = Release|Win32
		{3A6EBED0-7B55-4D6D-B083-A0607881B5FB}.Debug|x64.ActiveCfg = Debug|x64
		{3A6EBED0-7B55-4D6D-B083-A0607881B5FB}.Debug|x64.Build.0 = Debug|x64
		{3A6EBED0-7B55-4D6D-B083-A0607881B5FB}.Debug|x86.ActiveCfg = Debug|Win32
		{3A6EBED0-7B55-4D6D-B083-A0607881B5FB}.Debug|x86.Build.0 = Debug|Win32
		{3A6EBED0-7B55-4D6D-B083-A0607881B5FB}.Release|x64.ActiveCfg = Release|x64
		{3A6EBED0-7B55-4D6D-B083-A0607881B5FB}.Release|x64.Build.0 = Release|x64
		{3A6EBED0-7B55-4D6D-B083-A0607881B5FB}.Release|x86.ActiveCfg = Release|Win32
		{3A6EBED0-7B55-4D6D-B083-A0607881B5FB}.Release|x86.Build.0 = Release|Win32
		{15C7C6A0-F967-4077-A38C-85267DBC75C3}.Debug|x64.ActiveCfg = Debug|x64
		{15C7C6A0-F967-4077-A38C-85267DBC75C3}.Debug|x64.Build.0 = Debug|x64
		{15C7C6A0-F967-4077-A38C-85267DBC75C3}.Debug|x86.ActiveCfg = Debug|Win32
		{15C7C6A0-F967-4077-A38C-85267DBC75C3}.Debug|x86.Build.0 = Debug|Win32
		{15C7C6A0-F967-4077-A38C-85267DBC75C3}.Release|x64.ActiveCfg = Release|x64
		{15C7C6A0-F967-4077-A38C-85267DBC75C3}.Release|x64.Build.0 = Release|x64
		{15C7C6A0-F967-4077-A38C-85267DBC75C3}.Release|x86.ActiveCfg = Release|Win32
		{15C7C6A0-F967-4077-A38C-85267DBC75C3}.Release|x86.Build.0 = Release|Win32
		{C75C1A6F-AA9B-4C49-AEE6-44B8E940B10C}.Debug|x64.ActiveCfg = Debug|x64
		{C75C1A6F-AA9B-4C49-AEE6-44B8E940B10C}.Debug|x64.Build.0 = Debug|x64
		{C75C1A6F-AA9B-4C49-AEE6-44B8E940B10C}.Debug|x86.ActiveCfg = Debug|Win32
		{C75C1A6F-AA9B-4C49-AEE6-44B8E940B10C}.Debug|x86.Build.0 = Debug|Win32
		{C75C1A6F-AA9B-4C49-AEE6-44B8E940B10C}.Release|x64.ActiveCfg = Release|x64
		{C75C1A6F-AA9B-4C49-AEE6-44B8E940B10C}.Release|x64.Build.0 = Release|x64
		{C75C1A6F-AA9B-4C49-AEE6-44B8E940B10C}.Release|x86.ActiveCfg = Release|Win32
		{C75C1A6F-AA9B-4C49-AEE6-44B8E940B10C}.Release|x86.Build.0 = Release|Win32
		{B3E4FA76-D217-4318-99EA-B32D4EC751BA}.Debug|x64.ActiveCfg = Debug|x64
		{B3E4FA76-D217-4318-99EA-B32D4EC751BA}.Debug|x64.Build.0 = Debug|x64
		{B3E4FA76-D217-4318-99EA-B32D4EC751BA}.Debug|x86.ActiveCfg = Debug|Win32
		{B3E4FA76-D217-4318-99EA-B32D4EC751BA}.Debug|x86.Build.0 = Debug|Win32
		{B3E4FA76-D217-4318-99EA-B32D4EC751BA}.Release|x64.ActiveCfg = Release|x64
		{B3E4FA76-D217-4318-99EA-B32D4EC751BA}.Release|x64.Build.0 = Release|x64
		{B3E4FA76-D217-4318-99EA-B32D4EC751BA}.Release|x86.ActiveCfg = Release|Win32
		{B3E4FA76-D217-4318-99EA-B32D4EC751BA}.Release|x86.Build.0 = Release|Win32
		{7D5B6BA3-4591-4D48-9C16-6FFF9B7D75BA}.Debug|x64.ActiveCfg = Debug|x64
		{7D5B6BA3-4591-4D48-9C16-6FFF9B7D75BA}.Debug|x64.Build.0 = Debug|x64
		{7D5B6BA3-4591-4D48-9C16-6FFF9B7D75BA}.Debug|x86.ActiveCfg = Debug|Win32
		{7D5B6BA3-4591-4D48-9C16-6FFF9B7D75BA}.Debug|x86.Build.0 = Debug|Win32
		{7D5B6BA3-4591-4D48-9C16-6FFF9B7D75BA}.Release|x64.ActiveCfg = Release|x64
		{7D5B6BA3-4591-4D48-9C16-6FFF9B7D75BA}.Release|x64.Build.0 = Release|x64
		{7D5B6BA3-4591-4D48-9C16-6FFF9B7D75BA}.Release|x86.ActiveCfg = Release|Win32
		{7D5B6BA3-4591-4D48-9C16-6FFF9B7D75BA}.Release|x86.Build.0 = Release|Win32
		{E00971A3-4DBE-442C-9201-7B21AA582E16}.Debug|x64.ActiveCfg = Debug|x64
		{E00971A3-4DBE-442C-9201-7B21AA582E16}.Debug|x64.Build.0 = Debug|x64
		{E00971A3-4DBE-442C-9201-7B21AA582E16}.Debug|x86.ActiveCfg = Debug|Win32
		{E00971A3-4DBE-442C-9201-7B21AA582E16}.Debug|x86.Build.0 = Debug|Win32
		{E00971A3-4DBE-442C-9201-7B21AA582E16}.Release|x64.ActiveCfg = Release|x64
		{E00971A3-4DBE-442C-9201-7B21AA582E16}.Release|x64.Build.0 = Release|x64
		{E00971A3-4DBE-442C-9201-7B21AA582E16}.Release|x86.ActiveCfg = Release|Win32
		{E00971A3-4DBE-442C-9201-7B21AA582E16}.Release|x86.Build.0 = Release|Win32
		{B1CE78C6-7029-4A06-AF03-0B288D64897C}.Debug|x64.ActiveCfg = Debug|x64
		{B1CE78C6-7029-4A06-AF03-0B288D64897C}.Debug|x64.Build.0 = Debug|x64
		{B1CE78C6-7029-4A06-AF03-0B288D64897C}.Debug|x86.ActiveCfg = Debug|Win32
		{B1CE78C6-7029-4A06-AF03-0B288D64897C}.Debug|x86.Build.0 = Debug|Win32
		{B1CE78C6-7029-4A06-AF03-0B288D64897C}.Release|x64.ActiveCfg = Release|x64
		{B1CE78C6-7029-4A06-AF03-0B288D64897C}.Release|x64.Build.0 = Release|x64
		{B1CE78C6-7029-4A06-AF03-0B288D64897C}.Release|x86.ActiveCfg = Release|Win32
		{B1CE78C6-7029-4A06-AF03-0B288D64897C}.Release|x86.Build.0 = Release|Win32
		{14F88147-2765-4C3E-8F73-97005B63329E}.Debug|x64.ActiveCfg = Debug|x64
		{14F88147-2765-4C3E-8F73-97005B63329E}.Debug|x64.Build.0 = Debug|x64
		{14F88147-2765-4C3E-8F73-97005B63329E}.Debug|x86.ActiveCfg = Debug|Win32
		{14F88147-2765-4C3E-8F73-97005B63329E}.Debug|x86.Build.0 = Debug|Win32
		{14F88147-2765-4C3E-8F73-97005B63329E}.Release|x64.ActiveCfg = Release|x64
		{14F88147-2765-4C3E-8F73-97005B63329E}.Release|x64.Build.0 = Release|x64
		{14F88147-2765-4C3E-8F73-97005B63329E}.Release|x86.ActiveCfg = Release|Win32
		{14F88147-2765-4C3E-8F73-97005B63329E}.Release|x86.Build.0 = Release|Win32
		{61BB9E7E-EDC7-425A-8586-6EFDEF51BA97}.Debug|x64.ActiveCfg = Debug|x64
		{61BB9E7E-EDC7-425A-8586-6EFDEF51BA97}.Debug|x64.Build.0 = Debug|x64
		{61BB9E7E-EDC7-425A-8586-6EFDEF51BA97}.Debug|x86.ActiveCfg = Debug|Win32
		{61BB9E7E-EDC7-425A-8586-6EFDEF51BA97}.Debug|x86.Build.0 = Debug|Win32
		{61BB9E7E-EDC7-425A-8586-6EFDEF51BA97}.Release|x64.ActiveCfg = Release|x64
		{61BB9E7E-EDC7-425A-8586-6EFDEF51BA97}.Release|x64.Build.0 = Release|x64
		{61BB9E7E-EDC7-425A-8586-6EFDEF51BA97}.Release|x86.ActiveCfg = Release|Win32
		{61BB9E7E-EDC7-425A-8586-6EFDEF51BA97}.Release|x86.Build.0 = Release|Win32
		{9D89DA2C-6010-44FF-A420-D4DCC2730086}.Debug|x64.ActiveCfg = Debug|x64
		{9D89DA2C-6010-44FF-A420-D4DCC2730086}.Debug|x64.Build.0 = Debug|x64
		{9D89DA2C-6010-44FF-A420-D4DCC2730086}.Debug|x86.ActiveCfg = Debug|Win32
		{9D89DA2C-6010-44FF-A420-D4DCC2730086}.Debug|x86.Build.0 = Debug|Win32
		{9D89DA2C-6010-44FF-A420-D4DCC2730086}.Release|x64.ActiveCfg = Release|x64
		{9D89DA2C-6010-44FF-A420-D4DCC2730086}.Release|x64.Build.0 = Release|x64
		{9D89DA2C-6010-44FF-A420-D4DCC2730086}.Release|x86.ActiveCfg = Release|Win32
		{9D89DA2C-6010-44FF-A420-D4DCC2730086}.Release|x86.Build.0 = Release|Win32
		{4511D094-73F4-42E5-A404-DD6715AAD6CA}.Debug|x64.ActiveCfg = Debug|x64
		{4511D094-73F4-42E5-A404-DD6715AAD6CA}.Debug|x64.Build.0 = Debug|x64
		{4511D094-73F4-42E5-A404-DD6715AAD6CA}.Debug|x86.ActiveCfg = Debug|Win32
		{4511D094-73F4-42E5-A404-DD6715AAD6CA}.Debug|x86.Build.0 = Debug|Win32
		{4511D094-73F4-42E5-A404-DD6715AAD6CA}.Release|x64.ActiveCfg = Release|x64
		{4511D094-73F4-42E5-A404-DD6715AAD6CA}.Release|x64.Build.0 = Release|x64
		{4511D094-73F4-42E5-A404-DD6715AAD6CA}.Release|x86.ActiveCfg = Release|Win32
		{4511D094-73F4-42E5-A404-DD6715AAD6CA}.Release|x86.Build.0 = Release|Win32
		{430E1ED2-F760-4FF3-880A-E0D7C12334A9}.Debug|x64.ActiveCfg = Debug|x64
		{430E1ED2-F760-4FF3-880A-E0D7C12334A9}.Debug|x64.Build.0 = Debug|x64
		{430E1ED2-F760-4FF3-880A-E0D7C12334A9}.Debug|x86.ActiveCfg = Debug|Win32
		{430E1ED2-F760-4FF3-880A-E0D7C12334A9}.Debug|x86.Build.0 = Debug|Win32
		{430E1ED2-F760-4FF3-880A-E0D7C12334A9}.Release|x64.ActiveCfg = Release|x64
		{430E1ED2-F760-4FF3-880A-E0D7C12334A9}.Release|x64.Build.0 = Release|x64
		{430E1ED2-F760-4FF3-880A-E0D7C12334A9}.Release|x86.ActiveCfg = Release|Win32
		{430E1ED2-F760-4FF3-880A-E0D7C12334A9}.Release|x86.Build.0 = Release|Win32
		{A5EC0E7F-E74A-47D3-966F-D9AD42ED4C0B}.Debug|x64.ActiveCfg = Debug|x64
		{A5EC0E7F-E74A-47D3-966F-D9AD42ED4C0B}.Debug|x64.Build.0 = Debug|x64
		{A5EC0E7F-E74A-47D3-966F-D9AD42ED4C0B}.Debug|x86.ActiveCfg = Debug|Win32
		{A5EC0E7F-E74A-47D3-966F-D9AD42ED4C0B}.Debug|x86.Build.0 = Debug|Win32
		{A5EC0E7F-E74A-47D3-966F-D9AD42ED4C0B}.Release|x64.ActiveCfg = Release|x64
		{A5EC0E7F-E74A-47D3-966F-D9AD42ED4C0B}.Release|x64.Build.0 = Release|x64
		{A5EC0E7F-E74A-47D3-966F-D9AD42ED4C0B}.Release|x86.ActiveCfg = Release|Win32
		{A5EC0E7F-E74A-47D3-966F-D9AD42ED4C0B}.Release|x86.Build.0 = Release|Win32
		{F1715C4E-6E64-44CC-A730-19B08F14EAD8}.Debug|x64.ActiveCfg = Debug|x64
		{F1715C4E-6E64-44CC-A730-19B08F14EAD8}.Debug|x64.Build.0 = Debug|x64
		{F1715C4E-6E64-44CC-A730-19B08F14EAD8}.Debug|x86.ActiveCfg = Debug|Win32
		{F1715C4E-6E64-44CC-A730-19B08F14EAD8}.Debug|x86.Build.0 = Debug|Win32
		{F1715C4E-6E64-44CC-A730-19B08F14EAD8}.Release|x64.ActiveCfg = Release|x64
		{F1715C4E-6E64-44CC-A730-19B08F14EAD8}.Release|x64.Build.0 = Release|x64
		{F1715C4E-6E64-44CC-A730-19B08F14EAD8}.Release|x86.ActiveCfg = Release|Win32
		{F1715C4E-6E64-44CC-A730-19B08F14EAD8}.Release|x86.Build.0 = Release|Win32
		{07E94C5D-9AFF-4B5F-852A-E9FA74EC64BE}.Debug|x64.ActiveCfg = Debug|x64
		{07E94C5D-9AFF-4B5F-852A-E9FA74EC64BE}.Debug|x64.Build.0 = Debug|x64
		{07E94C5D-9AFF-4B5F-852A-E9FA74EC64BE}.Debug|x86.ActiveCfg = Debug|Win32
		{07E94C5D-9AFF-4B5F-852A-E9FA74EC64BE}.Debug|x86.Build.0 = Debug|Win32
		{07E94C5D-9AFF-4B5F-852A-E9FA74EC64BE}.Release|x64.ActiveCfg = Release|x64
		{07E94C5D-9AFF-4B5F-852A-E9FA74EC64BE}.Release|x64.Build.0 = Release|x64
		{07E94C5D-9AFF-4B5F-852A-E9FA74EC64BE}.Release|x86.ActiveCfg = Release|Win32
		{07E94C5D-9AFF-4B5F-852A-E9FA74EC64BE}.Release|x86.Build.0 = Release|Win32
		{CEAE5E3D-7AC1-48A3-B2E9-EFAD8775C2ED}.Debug|x64.ActiveCfg = Debug|x64
		{CEAE5E3D-7AC1-48A3-B2E9-EFAD8775C2ED}.Debug|x64.Build.0 = Debug|x64
		{CEAE5E3D-7AC1-48A3-B2E9-EFAD8775C2ED}.Debug|x86.ActiveCfg = Debug|Win32
		{CEAE5E3D-7AC1-48A3-B2E9-EFAD8775C2ED}.Debug|x86.Build.0 = Debug|Win32
		{CEAE5E3D-7AC1-48A3-B2E9-EFAD8775C2ED}.Release|x64.ActiveCfg = Release|x64
		{CEAE5E3D-7AC1-48A3-B2E9-EFAD8775C2ED}.Release|x64.Build.0 = Release|x64
		{CEAE5E3D-7AC1-48A3-B2E9-EFAD8775C2ED}.Release|x86.ActiveCfg = Release|Win32
		{CEAE5E3D-7AC1-48A3-B2E9-EFAD8775C2ED}.Release|x86.Build.0 = Release|Win32
		{BF8CA359-E9F9-4E67-BED2-4746545047A3}.Debug|x64.ActiveCfg = Debug|x64
		{BF8CA359-E9F9-4E67-BED2-4746545047A3}.Debug|x64.Build.0 = Debug|x64
		{BF8CA359-E9F9-4E67-BED2-4746545047A3}.Debug|x86.ActiveCfg = Debug|Win32
		{BF8CA359-E9F9-4E67-BED2-4746545047A3}.Debug|x86.Build.0 = Debug|Win32
		{BF8CA359-E9F9-4E67-BED2-4746545047A3}.Release|x64.ActiveCfg = Release|x64
		{BF8CA359-E9F9-4E67-BED2-4746545047A3}.Release|x64.Build.0 = Release|x64
		{BF8CA359-E9F9-4E67-BED2-4746545047A3}.Release|x86.ActiveCfg = Release|Win32
		{BF8CA359-E9F9-4E67-BED2-4746545047A3}.Release|x86.Build.0 = Release|Win32
		{DF823125-77C0-4CDB-98DF-CFF1EDA448C4}.Debug|x64.ActiveCfg = Debug|x64
		{DF823125-77C0-4CDB-98DF-CFF1EDA448C4}.Debug|x64.Build.0 = Debug|x64
		{DF823125-77C0-4CDB-98DF-CFF1EDA448C4}.Debug|x86.ActiveCfg = Debug|Win32
		{DF823125-77C0-4CDB-98DF-CFF1EDA448C4}.Debug|x86.Build.0 = Debug|Win32
		{DF823125-77C0-4CDB-98DF-CFF1EDA448C4}.Release|x64.ActiveCfg = Release|x64
		{DF823125-77C0-4CDB-98DF-CFF1EDA448C4}.Release|x64.Build.0 = Release|x64
		{DF823125-77C0-4CDB-98DF-CFF1EDA448C4}.Release|x86.ActiveCfg = Release|Win32
		{DF823125-77C0-4CDB-98DF-CFF1EDA448C4}.Release|x86.Build.0 = Release|Win32
		{ED5B9AA3-1A66-4E22-9EDE-BAA3F64B468B}.Debug|x64.ActiveCfg = Debug|x64
		{ED5B9AA3-1A66-4E22-9EDE-BAA3F64B468B}.Debug|x64.Build.0 = Debug|x64
		{ED5B9AA3-1A66-4E22-9EDE-BAA3F64B468B}.Debug|x86.ActiveCfg = Debug|Win32
		{ED5B9AA3-1A66-4E22-9EDE-BAA3F64B468B}.Debug|x86.Build.0 = Debug|Win32
		{ED5B9AA3-1A66-4E22-9EDE-BAA3F64B468B}.Release|x64.ActiveCfg = Release|x64
		{ED5B9AA3-1A66-4E22-9EDE-BAA3F64B468B}.Release|x64.Build.0 = Release|x64
		{ED5B9AA3-1A66-4E22-9EDE-BAA3F64B468B}.Release|x86.ActiveCfg = Release|Win32
		{ED5B9AA3-1A66-4E22-9EDE-BAA3F64B468B}.Release|x86.Build.0 = Release|Win32
		{4B2A8F4E-BCE6-4939-8FAE-205CCB6C06EB}.Debug|x64.ActiveCfg = Debug|x64
		{4B2A8F4E-BCE6-4939-8FAE-205CCB6C06EB}.Debug|x64.Build.0 = Debug|x64
		{4B2A8F4E-BCE6-4939-8FAE-205CCB6C06EB}.Debug|x86.ActiveCfg = Debug|Win32
		{4B2A8F4E-BCE6-4939-8FAE-205CCB6C06EB}.Debug|x86.Build.0 = Debug|Win32
		{4B2A8F4E-BCE6-4939-8FAE-205CCB6C06EB}.Release|x64.ActiveCfg = Release|x64
		{4B2A8F4E-BCE6-4939-8FAE-205CCB6C06EB}.Release|x64.Build.0 = Release|x64
		{4B2A8F4E-BCE6-4939-8FAE-205CCB6C06EB}.Release|x86.ActiveCfg = Release|Win32
		{4B2A8F4E-BCE6-4939-8FAE-205CCB6C06EB}.Release|x86.Build.0 = Release|Win32
		{3D41AE96-3ADC-40BE-A998-E366806F29DD}.Debug|x64.ActiveCfg = Debug|x64
		{3D41AE96-3ADC-40BE-A998-E366806F29DD}.Debug|x64.Build.0 = Debug|x64
		{3D41AE96-3ADC-40BE-A998-E366806F29DD}.Debug|x86.ActiveCfg = Debug|Win32
		{3D41AE96-3ADC-40BE-A998-E366806F29DD}.Debug|x86.Build.0 = Debug|Win32
		{3D41AE96-3ADC-40BE-A998-E366806F29DD}.Release|x64.ActiveCfg = Release|x64
		{3D41AE96-3ADC-40BE-A998-E366806F29DD}.Release|x64.Build.0 = Release|x64
		{3D41AE96-3ADC-40BE-A998-E366806F29DD}.Release|x86.ActiveCfg = Release|Win32
		{3D41AE96-3ADC-40BE-A998-E366806F29DD}.Release|x86.Build.0 = Release|Win32
		{F484E1E2-38C7-4459-9ED2-C76F2E05864D}.Debug|x64.ActiveCfg = Debug|x64
		{F484E1E2-38C7-4459-9ED2-C76F2E05864D}.Debug|x64.Build.0 = Debug|x64
		{F484E1E2-38C7-4459-9ED2-C76F2E05864D}.Debug|x86.ActiveCfg = Debug|Win32
		{F484E1E2-38C7-4459-9ED2-C76F2E05864D}.Debug|x86.Build.0 = Debug|Win32
		{F484E1E2-38C7-4459-9ED2-C76F2E05864D}.Release|x64.ActiveCfg = Release|x64
		{F484E1E2-38C7-4459-9ED2-C76F2E05864D}.Release|x64.Build.0 = Release|x64
		{F484E1E2-38C7-4459-9ED2-C76F2E05864D}.Release|x86.ActiveCfg = Release|Win32
		{F484E1E2-38C7-4459-9ED2-C76F2E05864D}.Release|x86.Build.0 = Release|Win32
		{B6EAA562-F355-47C7-A59E-17E96CE88DC0}.Debug|x64.ActiveCfg = Debug|x64
		{B6EAA562-F355-47C7-A59E-17E96CE88DC0}.Debug|x64.Build.0 = Debug|x64
		{B6EAA562-F355-47C7-A59E-17E96CE88DC0}.Debug|x86.ActiveCfg = Debug|Win32
		{B6EAA562-F355-47C7-A59E-17E96CE88DC0}.Debug|x86.Build.0 = Debug|Win32
		{B6EAA562-F355-47C7-A59E-17E96CE88DC0}.Release|x64.ActiveCfg = Release|x64
		{B6EAA562-F355-47C7-A59E-17E96CE88DC0}.Release|x64.Build.0 = Release|x64
		{B6EAA562-F355-47C7-A59E-17E96CE88DC0}.Release|x86.ActiveCfg = Release|Win32
		{B6EAA562-F355-47C7-A59E-17E96CE88DC0}.Release|x86.Build.0 = Release|Win32
		{23F64961-D1E0-486D-B1E1-CC67CA15FB4B}.Debug|x64.ActiveCfg = Debug|x64
		{23F64961-D1E0-486D-B1E1-CC67CA15FB4B}.Debug|x64.Build.0 = Debug|x64
		{23F64961-D1E0-486D-B1E1-CC67CA15FB4B}.Debug|x86.ActiveCfg = Debug|Win32
		{23F64961-D1E0-486D-B1E1-CC67CA15FB4B}.Debug|x86.Build.0 = Debug|Win32
		{23F64961-D1E0-486D-B1E1-CC67CA15FB4B}.Release|x64.ActiveCfg = Release|x64
		{23F64961-D1E0-486D-B1E1-CC67CA15FB4B}.Release|x64.Build.0 = Release|x64
		{23F64961-D1E0-486D-B1E1-CC67CA15FB4B}.Release|x86.ActiveCfg = Release|Win32
		{23F64961-D1E0-486D-B1E1-CC67CA15FB4B}.Release|x86.Build.0 = Release|Win32
		{C0B4DECA-11FA-43D3-9F31-6D000F260D27}.Debug|x64.ActiveCfg = Debug|x64
		{C0B4DECA-11FA-43D3-9F31-6D000F260D27}.Debug|x64.Build.0 = Debug|x64
		{C0B4DECA-11FA-43D3-9F31-6D000F260D27}.Debug|x86.ActiveCfg = Debug|Win32
		{C0B4DECA-11FA-43D3-9F31-6D000F260D27}.Debug|x86.Build.0 = Debug|Win32
		{C0B4DECA-11FA-43D3-9F31-6D000F260D27}.Release|x64.ActiveCfg = Release|x64
		{C0B4DECA-11FA-43D3-9F31-6D000F260D27}.Release|x64.Build.0 = Release|x64
		{C0B4DECA-11FA-43D3-9F31-6D000F260D27}.Release|x86.ActiveCfg = Release|Win32
		{C0B4DECA-11FA-43D3-9F31-6D000F260D27}.Release|x86.Build.0 = Release|Win32
		{9FA207C2-0365-4834-A0A7-C248BBCBDB9B}.Debug|x64.ActiveCfg = Debug|x64
		{9FA207C2-0365-4834-A0A7-C248BBCBDB9B}.Debug|x64.Build.0 = Debug|x64
		{9FA207C2-0365-4834-A0A7-C248BBCBDB9B}.Debug|x86.ActiveCfg = Debug|Win32
		{9FA207C2-0365-4834-A0A7-C248BBCBDB9B}.Debug|x86.Build.0 = Debug|Win32
		{9FA207C2-0365-4834-A0A7-C248BBCBDB9B}.Release|x64.ActiveCfg = Release|x64
		{9FA207C2-0365-4834-A0A7-C248BBCBDB9B}.Release|x64.Build.0 = Release|x64
		{9FA207C2-0365-4834-A0A7-C248BBCBDB9B}.Release|x86.ActiveCfg = Release|Win32
		{9FA207C2-0365-4834-A0A7-C248BBCBDB9B}.Release|x86.Build.0 = Release|Win32
		{3B571B02-7B4A-470C-A6F3-84271634A086}.Debug|x64.ActiveCfg = Debug|x64
		{3B571B02-7B4A-470C-A6F3-84271634A086}.Debug|x64.Build.0 = Debug|x64
		{3B571B02-7B4A-470C-A6F3-84271634A086}.Debug|x86.ActiveCfg = Debug|Win32
		{3B571B02-7B4A-470C-A6F3-84271634A086}.Debug|x86.Build.0 = Debug|Win32
		{3B571B02-7B4A-470C-A6F3-84271634A086}.Release|x64.ActiveCfg = Release|x64
		{3B571B02-7B4A-470C-A6F3-84271634A086}.Release|x64.Build.0 = Release|x64
		{3B571B02-7B4A-470C-A6F3-84271634A086}.Release|x86.ActiveCfg = Release|Win32
		{3B571B02-7B4A-470C-A6F3-84271634A086}.Release|x86.Build.0 = Release|Win32
		{A21E3C47-6601-4CCB-B1C0-33AEA87F9F68}.Debug|x64.ActiveCfg = Debug|x64
		{A21E3C47-6601-4CCB-B1C0-33AEA87F9F68}.Debug|x64.Build.0 = Debug|x64
		{A21E3C47-6601-4CCB-B1C0-33AEA87F9F68}.Debug|x86.ActiveCfg = Debug|Win32
		{A21E3C47-6601-4CCB-B1C0-33AEA87F9F68}.Debug|x86.Build.0 = Debug|Win32
		{A21E3C47-6601-4CCB-B1C0-33AEA87F9F68}.Release|x64.ActiveCfg = Release|x64
		{A21E3C47-6601-4CCB-B1C0-33AEA87F9F68}.Release|x64.Build.0 = Release|x64
		{A21E3C47-6601-4CCB-B1C0-33AEA87F9F68}.Release|x86.ActiveCfg = Release|Win32
		{A21E3C47-6601-4CCB-B1C0-33AEA87F9F68}.Release|x86.Build.0 = Release|Win32
		{BE77385A-ED85-4583-B052-6ABE21067D30}.Debug|x64.ActiveCfg = Debug|x64
		{BE77385A-ED85-4583-B052-6ABE21067D30}.Debug|x64.Build.0 = Debug|x64
		{BE77385A-ED85-4583-B052-6ABE21067D30}.Debug|x86.ActiveCfg = Debug|Win32
		{BE77385A-ED85-4583-B052-6ABE21067D30}.Debug|x86.Build.0 = Debug|Win32
		{BE77385A-ED85-4583-B052-6ABE21067D30}.Release|x64.ActiveCfg = Release|x64
		{BE77385A-ED85-4583-B052-6ABE21067D30}.Release|x64.Build.0 = Release|x64
		{BE77385A-ED85-4583-B052-6ABE21067D30}.Release|x86.ActiveCfg = Release|Win32
		{BE77385A-ED85-4583-B052-6ABE21067D30}.Release|x86.Build.0 = Release|Win32
	EndGlobalSection
	GlobalSection(SolutionProperties) = preSolution
		HideSolutionNode = FALSE
	EndGlobalSection
	GlobalSection(NestedProjects) = preSolution
		{3730FAF2-4695-41BF-A1C8-71E2F2D0751B} = {8CFD9E7E-25B1-489C-A725-C4EEFFE0E84A}
		{324D6383-463F-4176-97A1-4ACA3FB6DC61} = {8CFD9E7E-25B1-489C-A725-C4EEFFE0E84A}
		{FC555A44-E95D-4C1C-BFF0-DB7378670496} = {37C534BD-589A-4881-8DFD-0244E6CEA289}
		{0B19945A-9CA2-4ED3-84D8-0924B5428925} = {FC555A44-E95D-4C1C-BFF0-DB7378670496}
		{A506E35D-BB34-468D-82CD-112386BE29D1} = {FC555A44-E95D-4C1C-BFF0-DB7378670496}
		{B38967B9-886D-4E1F-B733-828D1783E2DC} = {FC555A44-E95D-4C1C-BFF0-DB7378670496}
		{5D44A4F2-0F6B-4AF3-BF9B-496436C97773} = {D7E7E8C7-83DA-474E-94B5-4AD7042ED9DA}
		{27ED38FC-6813-460A-BC43-9B39AE291FE4} = {90AF76B1-37E5-425D-A748-54F71C361DA4}
		{5409D9D3-32BC-45C8-9607-08D1C0A254B6} = {90AF76B1-37E5-425D-A748-54F71C361DA4}
		{CD2FA5A0-0448-458D-87CE-2E5794E25C8F} = {90AF76B1-37E5-425D-A748-54F71C361DA4}
		{C13FE652-9348-4EA4-87DB-349BD64BE476} = {90AF76B1-37E5-425D-A748-54F71C361DA4}
		{7A2EBB1B-1144-4624-B918-B8F7AE673191} = {90AF76B1-37E5-425D-A748-54F71C361DA4}
		{BF5439D7-55AF-4133-8B79-0E936F535712} = {90AF76B1-37E5-425D-A748-54F71C361DA4}
		{E9150CE2-6501-4978-AE7E-0A5ACCC90E93} = {90AF76B1-37E5-425D-A748-54F71C361DA4}
		{3A6EBED0-7B55-4D6D-B083-A0607881B5FB} = {90AF76B1-37E5-425D-A748-54F71C361DA4}
		{15C7C6A0-F967-4077-A38C-85267DBC75C3} = {90AF76B1-37E5-425D-A748-54F71C361DA4}
		{C75C1A6F-AA9B-4C49-AEE6-44B8E940B10C} = {90AF76B1-37E5-425D-A748-54F71C361DA4}
		{B3E4FA76-D217-4318-99EA-B32D4EC751BA} = {90AF76B1-37E5-425D-A748-54F71C361DA4}
		{7D5B6BA3-4591-4D48-9C16-6FFF9B7D75BA} = {BE6F473B-DF99-4013-A6DE-DFDD4921E043}
		{AF0F0701-AF25-435B-B941-5E07C4C73F28} = {BE6F473B-DF99-4013-A6DE-DFDD4921E043}
		{7848145F-861A-4279-9146-A95D3124CB99} = {BE6F473B-DF99-4013-A6DE-DFDD4921E043}
		{E00971A3-4DBE-442C-9201-7B21AA582E16} = {7848145F-861A-4279-9146-A95D3124CB99}
		{B1CE78C6-7029-4A06-AF03-0B288D64897C} = {AF0F0701-AF25-435B-B941-5E07C4C73F28}
		{14F88147-2765-4C3E-8F73-97005B63329E} = {AF0F0701-AF25-435B-B941-5E07C4C73F28}
		{50B1DAC3-7CAA-47D8-865F-0A887FEEE73D} = {AF0F0701-AF25-435B-B941-5E07C4C73F28}
		{D7422E95-17A1-487F-A23E-2882DEDEE163} = {AF0F0701-AF25-435B-B941-5E07C4C73F28}
		{61BB9E7E-EDC7-425A-8586-6EFDEF51BA97} = {D7422E95-17A1-487F-A23E-2882DEDEE163}
		{9D89DA2C-6010-44FF-A420-D4DCC2730086} = {50B1DAC3-7CAA-47D8-865F-0A887FEEE73D}
		{4511D094-73F4-42E5-A404-DD6715AAD6CA} = {AF0F0701-AF25-435B-B941-5E07C4C73F28}
		{1119C124-E0A1-497C-A308-B1D516EAABC8} = {BE6F473B-DF99-4013-A6DE-DFDD4921E043}
		{430E1ED2-F760-4FF3-880A-E0D7C12334A9} = {1119C124-E0A1-497C-A308-B1D516EAABC8}
		{F98CF157-6530-426E-BDBC-F09CCF5F4E27} = {1119C124-E0A1-497C-A308-B1D516EAABC8}
		{24F5DD2E-D4F3-46F5-BE7C-EAE356D9D4D9} = {1119C124-E0A1-497C-A308-B1D516EAABC8}
		{A5EC0E7F-E74A-47D3-966F-D9AD42ED4C0B} = {24F5DD2E-D4F3-46F5-BE7C-EAE356D9D4D9}
		{F1715C4E-6E64-44CC-A730-19B08F14EAD8} = {F98CF157-6530-426E-BDBC-F09CCF5F4E27}
		{07E94C5D-9AFF-4B5F-852A-E9FA74EC64BE} = {AF0F0701-AF25-435B-B941-5E07C4C73F28}
		{A5680A2F-D763-495D-9E8C-B92C0D446447} = {AF0F0701-AF25-435B-B941-5E07C4C73F28}
		{CEAE5E3D-7AC1-48A3-B2E9-EFAD8775C2ED} = {A5680A2F-D763-495D-9E8C-B92C0D446447}
		{BF8CA359-E9F9-4E67-BED2-4746545047A3} = {7848145F-861A-4279-9146-A95D3124CB99}
		{77209E5F-3096-40E9-B427-96C3BE85C62B} = {BE6F473B-DF99-4013-A6DE-DFDD4921E043}
		{DF823125-77C0-4CDB-98DF-CFF1EDA448C4} = {77209E5F-3096-40E9-B427-96C3BE85C62B}
		{ED5B9AA3-1A66-4E22-9EDE-BAA3F64B468B} = {90AF76B1-37E5-425D-A748-54F71C361DA4}
		{4B2A8F4E-BCE6-4939-8FAE-205CCB6C06EB} = {EE765260-81EF-44CE-B12E-D19EB69B0BEF}
		{3D41AE96-3ADC-40BE-A998-E366806F29DD} = {EE765260-81EF-44CE-B12E-D19EB69B0BEF}
		{EE765260-81EF-44CE-B12E-D19EB69B0BEF} = {BE6F473B-DF99-4013-A6DE-DFDD4921E043}
		{8B599C02-AD3B-493C-B622-079864D1BE02} = {BE6F473B-DF99-4013-A6DE-DFDD4921E043}
		{F484E1E2-38C7-4459-9ED2-C76F2E05864D} = {8B599C02-AD3B-493C-B622-079864D1BE02}
		{B6EAA562-F355-47C7-A59E-17E96CE88DC0} = {8B599C02-AD3B-493C-B622-079864D1BE02}
		{23F64961-D1E0-486D-B1E1-CC67CA15FB4B} = {8B599C02-AD3B-493C-B622-079864D1BE02}
		{C0B4DECA-11FA-43D3-9F31-6D000F260D27} = {8B599C02-AD3B-493C-B622-079864D1BE02}
		{1E438690-986C-472F-9D54-C648B6A1DF5C} = {BE6F473B-DF99-4013-A6DE-DFDD4921E043}
		{9FA207C2-0365-4834-A0A7-C248BBCBDB9B} = {1E438690-986C-472F-9D54-C648B6A1DF5C}
		{3B571B02-7B4A-470C-A6F3-84271634A086} = {EE765260-81EF-44CE-B12E-D19EB69B0BEF}
		{A21E3C47-6601-4CCB-B1C0-33AEA87F9F68} = {90AF76B1-37E5-425D-A748-54F71C361DA4}
		{BE77385A-ED85-4583-B052-6ABE21067D30} = {EE765260-81EF-44CE-B12E-D19EB69B0BEF}
	EndGlobalSection
	GlobalSection(ExtensibilityGlobals) = postSolution
		SolutionGuid = {DF7EB555-DE90-443E-9226-38579C9AA7CC}
	EndGlobalSection
EndGlobal
