<?xml version="1.0" encoding="utf-8"?>
<Project ToolsVersion="4.0" xmlns="http://schemas.microsoft.com/developer/msbuild/2003">
  <ItemGroup>
    <Filter Include="SoldierKilledSubject">
      <UniqueIdentifier>{0f1f40a1-1632-4ae0-95b9-be10594748c5}</UniqueIdentifier>
    </Filter>
    <Filter Include="EnemyKilledSubject">
      <UniqueIdentifier>{0dac8e0e-d178-4143-8867-4ebd90ddd166}</UniqueIdentifier>
    </Filter>
    <Filter Include="EnemyTowerAttackedSubject">
      <UniqueIdentifier>{a1adcc3e-7c56-4940-95e1-5f1c057f0cd0}</UniqueIdentifier>
    </Filter>
    <Filter Include="SoldierTowerAttackedSubject">
      <UniqueIdentifier>{a8aca04d-2cf1-422f-aebd-0db1f7b9c584}</UniqueIdentifier>
    </Filter>
  </ItemGroup>
  <ItemGroup>
    <ClInclude Include="SoldierKilledSubject.h">
      <Filter>SoldierKilledSubject</Filter>
    </ClInclude>
    <ClInclude Include="SoldierKilledSubject_inline.h">
      <Filter>SoldierKilledSubject</Filter>
    </ClInclude>
    <ClInclude Include="EnemyKilledSubject.h">
      <Filter>EnemyKilledSubject</Filter>
    </ClInclude>
    <ClInclude Include="EnemyKilledSubject_inline.h">
      <Filter>EnemyKilledSubject</Filter>
    </ClInclude>
    <ClInclude Include="IGameEventSubject.h" />
    <ClInclude Include="IGameEventSubject_inline.h" />
    <ClInclude Include="EnemyTowerAttackedSubject.h">
      <Filter>EnemyTowerAttackedSubject</Filter>
    </ClInclude>
    <ClInclude Include="EnemyTowerAttackedSubject_inline.h">
      <Filter>EnemyTowerAttackedSubject</Filter>
    </ClInclude>
    <ClInclude Include="SoldierTowerAttackedSubject.h">
      <Filter>SoldierTowerAttackedSubject</Filter>
    </ClInclude>
    <ClInclude Include="SoldierTowerAttackedSubject_inline.h">
      <Filter>SoldierTowerAttackedSubject</Filter>
    </ClInclude>
  </ItemGroup>
</Project>