<?xml version="1.0" encoding="utf-8"?>
<Project ToolsVersion="4.0" xmlns="http://schemas.microsoft.com/developer/msbuild/2003">
  <ItemGroup>
    <Filter Include="SoldierKilledSubject">
      <UniqueIdentifier>{0f1f40a1-1632-4ae0-95b9-be10594748c5}</UniqueIdentifier>
    </Filter>
    <Filter Include="EnemyKilledSubject">
      <UniqueIdentifier>{0dac8e0e-d178-4143-8867-4ebd90ddd166}</UniqueIdentifier>
    </Filter>
  </ItemGroup>
  <ItemGroup>
    <ClInclude Include="SoldierKilledSubject.h">
      <Filter>SoldierKilledSubject</Filter>
    </ClInclude>
    <ClInclude Include="SoldierKilledSubject_inline.h">
      <Filter>SoldierKilledSubject</Filter>
    </ClInclude>
    <ClInclude Include="EnemyKilledSubject.h">
      <Filter>EnemyKilledSubject</Filter>
    </ClInclude>
    <ClInclude Include="EnemyKilledSubject_inline.h">
      <Filter>EnemyKilledSubject</Filter>
    </ClInclude>
    <ClInclude Include="IGameEventSubject.h" />
    <ClInclude Include="IGameEventSubject_inline.h" />
  </ItemGroup>
</Project>