<?xml version="1.0" encoding="utf-8"?>
<Project ToolsVersion="4.0" xmlns="http://schemas.microsoft.com/developer/msbuild/2003">
  <ItemGroup>
    <ClInclude Include="IAIState.h" />
    <ClInclude Include="IAIState_inline.h" />
    <ClInclude Include="AttackHeartState.h" />
    <ClInclude Include="AttackState.h" />
  </ItemGroup>
  <ItemGroup>
    <ClCompile Include="AttackHeartState.cpp" />
    <ClCompile Include="AttackState.cpp" />
  </ItemGroup>
</Project>